
Microsoft Visual Studio Solution File, Format Version 12.00
# Visual Studio Version 17
VisualStudioVersion = 17.14.36518.9 d17.14
MinimumVisualStudioVersion = 10.0.40219.1
Project("{FAE04EC0-301F-11D3-BF4B-00C04F79EFBC}") = "Calculator", "Calculator\Calculator.csproj", "{2CAE1330-2C42-4906-8F13-BE725D2BB608}"
EndProject
Global
	GlobalSection(SolutionConfigurationPlatforms) = preSolution
		Debug|Any CPU = Debug|Any CPU
		Release|Any CPU = Release|Any CPU
	EndGlobalSection
	GlobalSection(ProjectConfigurationPlatforms) = postSolution
		{2CAE1330-2C42-4906-8F13-BE725D2BB608}.Debug|Any CPU.ActiveCfg = Debug|Any CPU
		{2CAE1330-2C42-4906-8F13-BE725D2BB608}.Debug|Any CPU.Build.0 = Debug|Any CPU
		{2CAE1330-2C42-4906-8F13-BE725D2BB608}.Release|Any CPU.ActiveCfg = Release|Any CPU
		{2CAE1330-2C42-4906-8F13-BE725D2BB608}.Release|Any CPU.Build.0 = Release|Any CPU
	EndGlobalSection
	GlobalSection(SolutionProperties) = preSolution
		HideSolutionNode = FALSE
	EndGlobalSection
	GlobalSection(ExtensibilityGlobals) = postSolution
		SolutionGuid = {6FE901C7-0E3B-424D-9CF0-FF3DC15E3829}
	EndGlobalSection
EndGlobal
